// !$*UTF8*$!
{
	archiveVersion = 1;
	classes = {
	};
	objectVersion = 77;
	objects = {

/* Begin PBXContainerItemProxy section */
		DA2686732CD22F8500AEFA08 /* PBXContainerItemProxy */ = {
			isa = PBXContainerItemProxy;
			containerPortal = DA26865A2CD22F8400AEFA08 /* Project object */;
			proxyType = 1;
			remoteGlobalIDString = DA2686612CD22F8400AEFA08;
			remoteInfo = UI_Learning;
		};
		DA26867D2CD22F8500AEFA08 /* PBXContainerItemProxy */ = {
			isa = PBXContainerItemProxy;
			containerPortal = DA26865A2CD22F8400AEFA08 /* Project object */;
			proxyType = 1;
			remoteGlobalIDString = DA2686612CD22F8400AEFA08;
			remoteInfo = UI_Learning;
		};
/* End PBXContainerItemProxy section */

/* Begin PBXFileReference section */
		DA2686622CD22F8400AEFA08 /* UI_Learning.app */ = {isa = PBXFileReference; explicitFileType = wrapper.application; includeInIndex = 0; path = UI_Learning.app; sourceTree = BUILT_PRODUCTS_DIR; };
		DA2686722CD22F8500AEFA08 /* UI_LearningTests.xctest */ = {isa = PBXFileReference; explicitFileType = wrapper.cfbundle; includeInIndex = 0; path = UI_LearningTests.xctest; sourceTree = BUILT_PRODUCTS_DIR; };
		DA26867C2CD22F8500AEFA08 /* UI_LearningUITests.xctest */ = {isa = PBXFileReference; explicitFileType = wrapper.cfbundle; includeInIndex = 0; path = UI_LearningUITests.xctest; sourceTree = BUILT_PRODUCTS_DIR; };
/* End PBXFileReference section */

/* Begin PBXFileSystemSynchronizedRootGroup section */
		DA2686642CD22F8400AEFA08 /* UI_Learning */ = {
			isa = PBXFileSystemSynchronizedRootGroup;
			path = UI_Learning;
			sourceTree = "<group>";
		};
		DA2686752CD22F8500AEFA08 /* UI_LearningTests */ = {
			isa = PBXFileSystemSynchronizedRootGroup;
			path = UI_LearningTests;
			sourceTree = "<group>";
		};
		DA26867F2CD22F8500AEFA08 /* UI_LearningUITests */ = {
			isa = PBXFileSystemSynchronizedRootGroup;
			path = UI_LearningUITests;
			sourceTree = "<group>";
		};
/* End PBXFileSystemSynchronizedRootGroup section */

/* Begin PBXFrameworksBuildPhase section */
		DA26865F2CD22F8400AEFA08 /* Frameworks */ = {
			isa = PBXFrameworksBuildPhase;
			buildActionMask = 2147483647;
			files = (
			);
			runOnlyForDeploymentPostprocessing = 0;
		};
		DA26866F2CD22F8500AEFA08 /* Frameworks */ = {
			isa = PBXFrameworksBuildPhase;
			buildActionMask = 2147483647;
			files = (
			);
			runOnlyForDeploymentPostprocessing = 0;
		};
		DA2686792CD22F8500AEFA08 /* Frameworks */ = {
			isa = PBXFrameworksBuildPhase;
			buildActionMask = 2147483647;
			files = (
			);
			runOnlyForDeploymentPostprocessing = 0;
		};
/* End PBXFrameworksBuildPhase section */

/* Begin PBXGroup section */
		DA2686592CD22F8400AEFA08 = {
			isa = PBXGroup;
			children = (
				DA2686642CD22F8400AEFA08 /* UI_Learning */,
				DA2686752CD22F8500AEFA08 /* UI_LearningTests */,
				DA26867F2CD22F8500AEFA08 /* UI_LearningUITests */,
				DA2686632CD22F8400AEFA08 /* Products */,
			);
			sourceTree = "<group>";
		};
		DA2686632CD22F8400AEFA08 /* Products */ = {
			isa = PBXGroup;
			children = (
				DA2686622CD22F8400AEFA08 /* UI_Learning.app */,
				DA2686722CD22F8500AEFA08 /* UI_LearningTests.xctest */,
				DA26867C2CD22F8500AEFA08 /* UI_LearningUITests.xctest */,
			);
			name = Products;
			sourceTree = "<group>";
		};
/* End PBXGroup section */

/* Begin PBXNativeTarget section */
		DA2686612CD22F8400AEFA08 /* UI_Learning */ = {
			isa = PBXNativeTarget;
			buildConfigurationList = DA2686862CD22F8500AEFA08 /* Build configuration list for PBXNativeTarget "UI_Learning" */;
			buildPhases = (
				DA26865E2CD22F8400AEFA08 /* Sources */,
				DA26865F2CD22F8400AEFA08 /* Frameworks */,
				DA2686602CD22F8400AEFA08 /* Resources */,
			);
			buildRules = (
			);
			dependencies = (
			);
			fileSystemSynchronizedGroups = (
				DA2686642CD22F8400AEFA08 /* UI_Learning */,
			);
			name = UI_Learning;
			packageProductDependencies = (
			);
			productName = UI_Learning;
			productReference = DA2686622CD22F8400AEFA08 /* UI_Learning.app */;
			productType = "com.apple.product-type.application";
		};
		DA2686712CD22F8500AEFA08 /* UI_LearningTests */ = {
			isa = PBXNativeTarget;
			buildConfigurationList = DA2686892CD22F8500AEFA08 /* Build configuration list for PBXNativeTarget "UI_LearningTests" */;
			buildPhases = (
				DA26866E2CD22F8500AEFA08 /* Sources */,
				DA26866F2CD22F8500AEFA08 /* Frameworks */,
				DA2686702CD22F8500AEFA08 /* Resources */,
			);
			buildRules = (
			);
			dependencies = (
				DA2686742CD22F8500AEFA08 /* PBXTargetDependency */,
			);
			fileSystemSynchronizedGroups = (
				DA2686752CD22F8500AEFA08 /* UI_LearningTests */,
			);
			name = UI_LearningTests;
			packageProductDependencies = (
			);
			productName = UI_LearningTests;
			productReference = DA2686722CD22F8500AEFA08 /* UI_LearningTests.xctest */;
			productType = "com.apple.product-type.bundle.unit-test";
		};
		DA26867B2CD22F8500AEFA08 /* UI_LearningUITests */ = {
			isa = PBXNativeTarget;
			buildConfigurationList = DA26868C2CD22F8500AEFA08 /* Build configuration list for PBXNativeTarget "UI_LearningUITests" */;
			buildPhases = (
				DA2686782CD22F8500AEFA08 /* Sources */,
				DA2686792CD22F8500AEFA08 /* Frameworks */,
				DA26867A2CD22F8500AEFA08 /* Resources */,
			);
			buildRules = (
			);
			dependencies = (
				DA26867E2CD22F8500AEFA08 /* PBXTargetDependency */,
			);
			fileSystemSynchronizedGroups = (
				DA26867F2CD22F8500AEFA08 /* UI_LearningUITests */,
			);
			name = UI_LearningUITests;
			packageProductDependencies = (
			);
			productName = UI_LearningUITests;
			productReference = DA26867C2CD22F8500AEFA08 /* UI_LearningUITests.xctest */;
			productType = "com.apple.product-type.bundle.ui-testing";
		};
/* End PBXNativeTarget section */

/* Begin PBXProject section */
		DA26865A2CD22F8400AEFA08 /* Project object */ = {
			isa = PBXProject;
			attributes = {
				BuildIndependentTargetsInParallel = 1;
				LastSwiftUpdateCheck = 1600;
				LastUpgradeCheck = 1600;
				TargetAttributes = {
					DA2686612CD22F8400AEFA08 = {
						CreatedOnToolsVersion = 16.0;
					};
					DA2686712CD22F8500AEFA08 = {
						CreatedOnToolsVersion = 16.0;
						TestTargetID = DA2686612CD22F8400AEFA08;
					};
					DA26867B2CD22F8500AEFA08 = {
						CreatedOnToolsVersion = 16.0;
						TestTargetID = DA2686612CD22F8400AEFA08;
					};
				};
			};
			buildConfigurationList = DA26865D2CD22F8400AEFA08 /* Build configuration list for PBXProject "UI_Learning" */;
			developmentRegion = en;
			hasScannedForEncodings = 0;
			knownRegions = (
				en,
				Base,
			);
			mainGroup = DA2686592CD22F8400AEFA08;
			minimizedProjectReferenceProxies = 1;
			preferredProjectObjectVersion = 77;
			productRefGroup = DA2686632CD22F8400AEFA08 /* Products */;
			projectDirPath = "";
			projectRoot = "";
			targets = (
				DA2686612CD22F8400AEFA08 /* UI_Learning */,
				DA2686712CD22F8500AEFA08 /* UI_LearningTests */,
				DA26867B2CD22F8500AEFA08 /* UI_LearningUITests */,
			);
		};
/* End PBXProject section */

/* Begin PBXResourcesBuildPhase section */
		DA2686602CD22F8400AEFA08 /* Resources */ = {
			isa = PBXResourcesBuildPhase;
			buildActionMask = 2147483647;
			files = (
			);
			runOnlyForDeploymentPostprocessing = 0;
		};
		DA2686702CD22F8500AEFA08 /* Resources */ = {
			isa = PBXResourcesBuildPhase;
			buildActionMask = 2147483647;
			files = (
			);
			runOnlyForDeploymentPostprocessing = 0;
		};
		DA26867A2CD22F8500AEFA08 /* Resources */ = {
			isa = PBXResourcesBuildPhase;
			buildActionMask = 2147483647;
			files = (
			);
			runOnlyForDeploymentPostprocessing = 0;
		};
/* End PBXResourcesBuildPhase section */

/* Begin PBXSourcesBuildPhase section */
		DA26865E2CD22F8400AEFA08 /* Sources */ = {
			isa = PBXSourcesBuildPhase;
			buildActionMask = 2147483647;
			files = (
			);
			runOnlyForDeploymentPostprocessing = 0;
		};
		DA26866E2CD22F8500AEFA08 /* Sources */ = {
			isa = PBXSourcesBuildPhase;
			buildActionMask = 2147483647;
			files = (
			);
			runOnlyForDeploymentPostprocessing = 0;
		};
		DA2686782CD22F8500AEFA08 /* Sources */ = {
			isa = PBXSourcesBuildPhase;
			buildActionMask = 2147483647;
			files = (
			);
			runOnlyForDeploymentPostprocessing = 0;
		};
/* End PBXSourcesBuildPhase section */

/* Begin PBXTargetDependency section */
		DA2686742CD22F8500AEFA08 /* PBXTargetDependency */ = {
			isa = PBXTargetDependency;
			target = DA2686612CD22F8400AEFA08 /* UI_Learning */;
			targetProxy = DA2686732CD22F8500AEFA08 /* PBXContainerItemProxy */;
		};
		DA26867E2CD22F8500AEFA08 /* PBXTargetDependency */ = {
			isa = PBXTargetDependency;
			target = DA2686612CD22F8400AEFA08 /* UI_Learning */;
			targetProxy = DA26867D2CD22F8500AEFA08 /* PBXContainerItemProxy */;
		};
/* End PBXTargetDependency section */

/* Begin XCBuildConfiguration section */
		DA2686842CD22F8500AEFA08 /* Debug */ = {
			isa = XCBuildConfiguration;
			buildSettings = {
				ALWAYS_SEARCH_USER_PATHS = NO;
				ASSETCATALOG_COMPILER_GENERATE_SWIFT_ASSET_SYMBOL_EXTENSIONS = YES;
				CLANG_ANALYZER_NONNULL = YES;
				CLANG_ANALYZER_NUMBER_OBJECT_CONVERSION = YES_AGGRESSIVE;
				CLANG_CXX_LANGUAGE_STANDARD = "gnu++20";
				CLANG_ENABLE_MODULES = YES;
				CLANG_ENABLE_OBJC_ARC = YES;
				CLANG_ENABLE_OBJC_WEAK = YES;
				CLANG_WARN_BLOCK_CAPTURE_AUTORELEASING = YES;
				CLANG_WARN_BOOL_CONVERSION = YES;
				CLANG_WARN_COMMA = YES;
				CLANG_WARN_CONSTANT_CONVERSION = YES;
				CLANG_WARN_DEPRECATED_OBJC_IMPLEMENTATIONS = YES;
				CLANG_WARN_DIRECT_OBJC_ISA_USAGE = YES_ERROR;
				CLANG_WARN_DOCUMENTATION_COMMENTS = YES;
				CLANG_WARN_EMPTY_BODY = YES;
				CLANG_WARN_ENUM_CONVERSION = YES;
				CLANG_WARN_INFINITE_RECURSION = YES;
				CLANG_WARN_INT_CONVERSION = YES;
				CLANG_WARN_NON_LITERAL_NULL_CONVERSION = YES;
				CLANG_WARN_OBJC_IMPLICIT_RETAIN_SELF = YES;
				CLANG_WARN_OBJC_LITERAL_CONVERSION = YES;
				CLANG_WARN_OBJC_ROOT_CLASS = YES_ERROR;
				CLANG_WARN_QUOTED_INCLUDE_IN_FRAMEWORK_HEADER = YES;
				CLANG_WARN_RANGE_LOOP_ANALYSIS = YES;
				CLANG_WARN_STRICT_PROTOTYPES = YES;
				CLANG_WARN_SUSPICIOUS_MOVE = YES;
				CLANG_WARN_UNGUARDED_AVAILABILITY = YES_AGGRESSIVE;
				CLANG_WARN_UNREACHABLE_CODE = YES;
				CLANG_WARN__DUPLICATE_METHOD_MATCH = YES;
				COPY_PHASE_STRIP = NO;
				DEBUG_INFORMATION_FORMAT = dwarf;
				ENABLE_STRICT_OBJC_MSGSEND = YES;
				ENABLE_TESTABILITY = YES;
				ENABLE_USER_SCRIPT_SANDBOXING = YES;
				GCC_C_LANGUAGE_STANDARD = gnu17;
				GCC_DYNAMIC_NO_PIC = NO;
				GCC_NO_COMMON_BLOCKS = YES;
				GCC_OPTIMIZATION_LEVEL = 0;
				GCC_PREPROCESSOR_DEFINITIONS = (
					"DEBUG=1",
					"$(inherited)",
				);
				GCC_WARN_64_TO_32_BIT_CONVERSION = YES;
				GCC_WARN_ABOUT_RETURN_TYPE = YES_ERROR;
				GCC_WARN_UNDECLARED_SELECTOR = YES;
				GCC_WARN_UNINITIALIZED_AUTOS = YES_AGGRESSIVE;
				GCC_WARN_UNUSED_FUNCTION = YES;
				GCC_WARN_UNUSED_VARIABLE = YES;
				IPHONEOS_DEPLOYMENT_TARGET = 18.0;
				LOCALIZATION_PREFERS_STRING_CATALOGS = YES;
				MTL_ENABLE_DEBUG_INFO = INCLUDE_SOURCE;
				MTL_FAST_MATH = YES;
				ONLY_ACTIVE_ARCH = YES;
				SDKROOT = iphoneos;
				SWIFT_ACTIVE_COMPILATION_CONDITIONS = "DEBUG $(inherited)";
				SWIFT_OPTIMIZATION_LEVEL = "-Onone";
			};
			name = Debug;
		};
		DA2686852CD22F8500AEFA08 /* Release */ = {
			isa = XCBuildConfiguration;
			buildSettings = {
				ALWAYS_SEARCH_USER_PATHS = NO;
				ASSETCATALOG_COMPILER_GENERATE_SWIFT_ASSET_SYMBOL_EXTENSIONS = YES;
				CLANG_ANALYZER_NONNULL = YES;
				CLANG_ANALYZER_NUMBER_OBJECT_CONVERSION = YES_AGGRESSIVE;
				CLANG_CXX_LANGUAGE_STANDARD = "gnu++20";
				CLANG_ENABLE_MODULES = YES;
				CLANG_ENABLE_OBJC_ARC = YES;
				CLANG_ENABLE_OBJC_WEAK = YES;
				CLANG_WARN_BLOCK_CAPTURE_AUTORELEASING = YES;
				CLANG_WARN_BOOL_CONVERSION = YES;
				CLANG_WARN_COMMA = YES;
				CLANG_WARN_CONSTANT_CONVERSION = YES;
				CLANG_WARN_DEPRECATED_OBJC_IMPLEMENTATIONS = YES;
				CLANG_WARN_DIRECT_OBJC_ISA_USAGE = YES_ERROR;
				CLANG_WARN_DOCUMENTATION_COMMENTS = YES;
				CLANG_WARN_EMPTY_BODY = YES;
				CLANG_WARN_ENUM_CONVERSION = YES;
				CLANG_WARN_INFINITE_RECURSION = YES;
				CLANG_WARN_INT_CONVERSION = YES;
				CLANG_WARN_NON_LITERAL_NULL_CONVERSION = YES;
				CLANG_WARN_OBJC_IMPLICIT_RETAIN_SELF = YES;
				CLANG_WARN_OBJC_LITERAL_CONVERSION = YES;
				CLANG_WARN_OBJC_ROOT_CLASS = YES_ERROR;
				CLANG_WARN_QUOTED_INCLUDE_IN_FRAMEWORK_HEADER = YES;
				CLANG_WARN_RANGE_LOOP_ANALYSIS = YES;
				CLANG_WARN_STRICT_PROTOTYPES = YES;
				CLANG_WARN_SUSPICIOUS_MOVE = YES;
				CLANG_WARN_UNGUARDED_AVAILABILITY = YES_AGGRESSIVE;
				CLANG_WARN_UNREACHABLE_CODE = YES;
				CLANG_WARN__DUPLICATE_METHOD_MATCH = YES;
				COPY_PHASE_STRIP = NO;
				DEBUG_INFORMATION_FORMAT = "dwarf-with-dsym";
				ENABLE_NS_ASSERTIONS = NO;
				ENABLE_STRICT_OBJC_MSGSEND = YES;
				ENABLE_USER_SCRIPT_SANDBOXING = YES;
				GCC_C_LANGUAGE_STANDARD = gnu17;
				GCC_NO_COMMON_BLOCKS = YES;
				GCC_WARN_64_TO_32_BIT_CONVERSION = YES;
				GCC_WARN_ABOUT_RETURN_TYPE = YES_ERROR;
				GCC_WARN_UNDECLARED_SELECTOR = YES;
				GCC_WARN_UNINITIALIZED_AUTOS = YES_AGGRESSIVE;
				GCC_WARN_UNUSED_FUNCTION = YES;
				GCC_WARN_UNUSED_VARIABLE = YES;
				IPHONEOS_DEPLOYMENT_TARGET = 18.0;
				LOCALIZATION_PREFERS_STRING_CATALOGS = YES;
				MTL_ENABLE_DEBUG_INFO = NO;
				MTL_FAST_MATH = YES;
				SDKROOT = iphoneos;
				SWIFT_COMPILATION_MODE = wholemodule;
				VALIDATE_PRODUCT = YES;
			};
			name = Release;
		};
		DA2686872CD22F8500AEFA08 /* Debug */ = {
			isa = XCBuildConfiguration;
			buildSettings = {
				ASSETCATALOG_COMPILER_APPICON_NAME = AppIcon;
				ASSETCATALOG_COMPILER_GLOBAL_ACCENT_COLOR_NAME = AccentColor;
				CODE_SIGN_STYLE = Automatic;
				CURRENT_PROJECT_VERSION = 1;
				DEVELOPMENT_ASSET_PATHS = "\"UI_Learning/Preview Content\"";
				DEVELOPMENT_TEAM = C2QZXC796C;
				ENABLE_PREVIEWS = YES;
				GENERATE_INFOPLIST_FILE = YES;
				INFOPLIST_KEY_UIApplicationSceneManifest_Generation = YES;
				INFOPLIST_KEY_UIApplicationSupportsIndirectInputEvents = YES;
				INFOPLIST_KEY_UILaunchScreen_Generation = YES;
				INFOPLIST_KEY_UISupportedInterfaceOrientations_iPad = "UIInterfaceOrientationPortrait UIInterfaceOrientationPortraitUpsideDown UIInterfaceOrientationLandscapeLeft UIInterfaceOrientationLandscapeRight";
				INFOPLIST_KEY_UISupportedInterfaceOrientations_iPhone = "UIInterfaceOrientationPortrait UIInterfaceOrientationLandscapeLeft UIInterfaceOrientationLandscapeRight";
				LD_RUNPATH_SEARCH_PATHS = (
					"$(inherited)",
					"@executable_path/Frameworks",
				);
				MARKETING_VERSION = 1.0;
				PRODUCT_BUNDLE_IDENTIFIER = "ios.ouc.edu.UI-Learning";
				PRODUCT_NAME = "$(TARGET_NAME)";
				SWIFT_EMIT_LOC_STRINGS = YES;
				SWIFT_VERSION = 5.0;
				TARGETED_DEVICE_FAMILY = "1,2";
			};
			name = Debug;
		};
		DA2686882CD22F8500AEFA08 /* Release */ = {
			isa = XCBuildConfiguration;
			buildSettings = {
				ASSETCATALOG_COMPILER_APPICON_NAME = AppIcon;
				ASSETCATALOG_COMPILER_GLOBAL_ACCENT_COLOR_NAME = AccentColor;
				CODE_SIGN_STYLE = Automatic;
				CURRENT_PROJECT_VERSION = 1;
				DEVELOPMENT_ASSET_PATHS = "\"UI_Learning/Preview Content\"";
				DEVELOPMENT_TEAM = C2QZXC796C;
				ENABLE_PREVIEWS = YES;
				GENERATE_INFOPLIST_FILE = YES;
				INFOPLIST_KEY_UIApplicationSceneManifest_Generation = YES;
				INFOPLIST_KEY_UIApplicationSupportsIndirectInputEvents = YES;
				INFOPLIST_KEY_UILaunchScreen_Generation = YES;
				INFOPLIST_KEY_UISupportedInterfaceOrientations_iPad = "UIInterfaceOrientationPortrait UIInterfaceOrientationPortraitUpsideDown UIInterfaceOrientationLandscapeLeft UIInterfaceOrientationLandscapeRight";
				INFOPLIST_KEY_UISupportedInterfaceOrientations_iPhone = "UIInterfaceOrientationPortrait UIInterfaceOrientationLandscapeLeft UIInterfaceOrientationLandscapeRight";
				LD_RUNPATH_SEARCH_PATHS = (
					"$(inherited)",
					"@executable_path/Frameworks",
				);
				MARKETING_VERSION = 1.0;
				PRODUCT_BUNDLE_IDENTIFIER = "ios.ouc.edu.UI-Learning";
				PRODUCT_NAME = "$(TARGET_NAME)";
				SWIFT_EMIT_LOC_STRINGS = YES;
				SWIFT_VERSION = 5.0;
				TARGETED_DEVICE_FAMILY = "1,2";
			};
			name = Release;
		};
		DA26868A2CD22F8500AEFA08 /* Debug */ = {
			isa = XCBuildConfiguration;
			buildSettings = {
				BUNDLE_LOADER = "$(TEST_HOST)";
				CODE_SIGN_STYLE = Automatic;
				CURRENT_PROJECT_VERSION = 1;
				DEVELOPMENT_TEAM = C2QZXC796C;
				GENERATE_INFOPLIST_FILE = YES;
				IPHONEOS_DEPLOYMENT_TARGET = 18.0;
				MARKETING_VERSION = 1.0;
				PRODUCT_BUNDLE_IDENTIFIER = "ios.ouc.edu.UI-LearningTests";
				PRODUCT_NAME = "$(TARGET_NAME)";
				SWIFT_EMIT_LOC_STRINGS = NO;
				SWIFT_VERSION = 5.0;
				TARGETED_DEVICE_FAMILY = "1,2";
				TEST_HOST = "$(BUILT_PRODUCTS_DIR)/UI_Learning.app/$(BUNDLE_EXECUTABLE_FOLDER_PATH)/UI_Learning";
			};
			name = Debug;
		};
		DA26868B2CD22F8500AEFA08 /* Release */ = {
			isa = XCBuildConfiguration;
			buildSettings = {
				BUNDLE_LOADER = "$(TEST_HOST)";
				CODE_SIGN_STYLE = Automatic;
				CURRENT_PROJECT_VERSION = 1;
				DEVELOPMENT_TEAM = C2QZXC796C;
				GENERATE_INFOPLIST_FILE = YES;
				IPHONEOS_DEPLOYMENT_TARGET = 18.0;
				MARKETING_VERSION = 1.0;
				PRODUCT_BUNDLE_IDENTIFIER = "ios.ouc.edu.UI-LearningTests";
				PRODUCT_NAME = "$(TARGET_NAME)";
				SWIFT_EMIT_LOC_STRINGS = NO;
				SWIFT_VERSION = 5.0;
				TARGETED_DEVICE_FAMILY = "1,2";
				TEST_HOST = "$(BUILT_PRODUCTS_DIR)/UI_Learning.app/$(BUNDLE_EXECUTABLE_FOLDER_PATH)/UI_Learning";
			};
			name = Release;
		};
		DA26868D2CD22F8500AEFA08 /* Debug */ = {
			isa = XCBuildConfiguration;
			buildSettings = {
				CODE_SIGN_STYLE = Automatic;
				CURRENT_PROJECT_VERSION = 1;
				DEVELOPMENT_TEAM = C2QZXC796C;
				GENERATE_INFOPLIST_FILE = YES;
				MARKETING_VERSION = 1.0;
				PRODUCT_BUNDLE_IDENTIFIER = "ios.ouc.edu.UI-LearningUITests";
				PRODUCT_NAME = "$(TARGET_NAME)";
				SWIFT_EMIT_LOC_STRINGS = NO;
				SWIFT_VERSION = 5.0;
				TARGETED_DEVICE_FAMILY = "1,2";
				TEST_TARGET_NAME = UI_Learning;
			};
			name = Debug;
		};
		DA26868E2CD22F8500AEFA08 /* Release */ = {
			isa = XCBuildConfiguration;
			buildSettings = {
				CODE_SIGN_STYLE = Automatic;
				CURRENT_PROJECT_VERSION = 1;
				DEVELOPMENT_TEAM = C2QZXC796C;
				GENERATE_INFOPLIST_FILE = YES;
				MARKETING_VERSION = 1.0;
				PRODUCT_BUNDLE_IDENTIFIER = "ios.ouc.edu.UI-LearningUITests";
				PRODUCT_NAME = "$(TARGET_NAME)";
				SWIFT_EMIT_LOC_STRINGS = NO;
				SWIFT_VERSION = 5.0;
				TARGETED_DEVICE_FAMILY = "1,2";
				TEST_TARGET_NAME = UI_Learning;
			};
			name = Release;
		};
/* End XCBuildConfiguration section */

/* Begin XCConfigurationList section */
		DA26865D2CD22F8400AEFA08 /* Build configuration list for PBXProject "UI_Learning" */ = {
			isa = XCConfigurationList;
			buildConfigurations = (
				DA2686842CD22F8500AEFA08 /* Debug */,
				DA2686852CD22F8500AEFA08 /* Release */,
			);
			defaultConfigurationIsVisible = 0;
			defaultConfigurationName = Release;
		};
		DA2686862CD22F8500AEFA08 /* Build configuration list for PBXNativeTarget "UI_Learning" */ = {
			isa = XCConfigurationList;
			buildConfigurations = (
				DA2686872CD22F8500AEFA08 /* Debug */,
				DA2686882CD22F8500AEFA08 /* Release */,
			);
			defaultConfigurationIsVisible = 0;
			defaultConfigurationName = Release;
		};
		DA2686892CD22F8500AEFA08 /* Build configuration list for PBXNativeTarget "UI_LearningTests" */ = {
			isa = XCConfigurationList;
			buildConfigurations = (
				DA26868A2CD22F8500AEFA08 /* Debug */,
				DA26868B2CD22F8500AEFA08 /* Release */,
			);
			defaultConfigurationIsVisible = 0;
			defaultConfigurationName = Release;
		};
		DA26868C2CD22F8500AEFA08 /* Build configuration list for PBXNativeTarget "UI_LearningUITests" */ = {
			isa = XCConfigurationList;
			buildConfigurations = (
				DA26868D2CD22F8500AEFA08 /* Debug */,
				DA26868E2CD22F8500AEFA08 /* Release */,
			);
			defaultConfigurationIsVisible = 0;
			defaultConfigurationName = Release;
		};
/* End XCConfigurationList section */
	};
	rootObject = DA26865A2CD22F8400AEFA08 /* Project object */;
}
